
Microsoft Visual Studio Solution File, Format Version 12.00
# Visual Studio 15
VisualStudioVersion = 15.0.28010.2036
MinimumVisualStudioVersion = 10.0.40219.1
Project("{FAE04EC0-301F-11D3-BF4B-00C04F79EFBC}") = "MatriculaWS", "MatriculaWS\MatriculaWS.csproj", "{410684B9-6A26-47B0-BEEE-FCBCF01D0F11}"
EndProject
Global
	GlobalSection(SolutionConfigurationPlatforms) = preSolution
		Debug|Any CPU = Debug|Any CPU
		Release|Any CPU = Release|Any CPU
	EndGlobalSection
	GlobalSection(ProjectConfigurationPlatforms) = postSolution
		{410684B9-6A26-47B0-BEEE-FCBCF01D0F11}.Debug|Any CPU.ActiveCfg = Debug|Any CPU
		{410684B9-6A26-47B0-BEEE-FCBCF01D0F11}.Debug|Any CPU.Build.0 = Debug|Any CPU
		{410684B9-6A26-47B0-BEEE-FCBCF01D0F11}.Release|Any CPU.ActiveCfg = Release|Any CPU
		{410684B9-6A26-47B0-BEEE-FCBCF01D0F11}.Release|Any CPU.Build.0 = Release|Any CPU
	EndGlobalSection
	GlobalSection(SolutionProperties) = preSolution
		HideSolutionNode = FALSE
	EndGlobalSection
	GlobalSection(ExtensibilityGlobals) = postSolution
		SolutionGuid = {B37F6B4E-A9F8-452F-875F-CDCBE434BA13}
	EndGlobalSection
EndGlobal
